// !$*UTF8*$!
{
	archiveVersion = 1;
	classes = {
	};
	objectVersion = 50;
	objects = {

/* Begin PBXBuildFile section */
		110F3D4AB6B95DB6C6A92309 /* Pods_TumblrUITests.framework in Frameworks */ = {isa = PBXBuildFile; fileRef = 11AC3B007A3CE05B9563E636 /* Pods_TumblrUITests.framework */; };
		11E5ECDC304E93099BAC38F8 /* Pods_Tumblr.framework in Frameworks */ = {isa = PBXBuildFile; fileRef = 5D8E05565AFF65D30F866F88 /* Pods_Tumblr.framework */; };
		220576FAF3168A0B1D153677 /* Pods_TumblrTests.framework in Frameworks */ = {isa = PBXBuildFile; fileRef = ADF0F6B4756E3068E30C325B /* Pods_TumblrTests.framework */; };
		E80E29072146EF3500B8564D /* AppDelegate.swift in Sources */ = {isa = PBXBuildFile; fileRef = E80E29062146EF3500B8564D /* AppDelegate.swift */; };
		E80E290C2146EF3500B8564D /* Main.storyboard in Resources */ = {isa = PBXBuildFile; fileRef = E80E290A2146EF3500B8564D /* Main.storyboard */; };
		E80E290E2146EF3600B8564D /* Assets.xcassets in Resources */ = {isa = PBXBuildFile; fileRef = E80E290D2146EF3600B8564D /* Assets.xcassets */; };
		E80E29112146EF3600B8564D /* LaunchScreen.storyboard in Resources */ = {isa = PBXBuildFile; fileRef = E80E290F2146EF3600B8564D /* LaunchScreen.storyboard */; };
		E80E291C2146EF3600B8564D /* TumblrTests.swift in Sources */ = {isa = PBXBuildFile; fileRef = E80E291B2146EF3600B8564D /* TumblrTests.swift */; };
		E80E29272146EF3600B8564D /* TumblrUITests.swift in Sources */ = {isa = PBXBuildFile; fileRef = E80E29262146EF3600B8564D /* TumblrUITests.swift */; };
		E84B365C2146F216009F0E7D /* PhotosViewController.swift in Sources */ = {isa = PBXBuildFile; fileRef = E84B365B2146F216009F0E7D /* PhotosViewController.swift */; };
		E84B365E2146FEDC009F0E7D /* PhotoCell.swift in Sources */ = {isa = PBXBuildFile; fileRef = E84B365D2146FEDC009F0E7D /* PhotoCell.swift */; };
		E85D08FA21556A2C00D643E3 /* InfiniteScrollActivityView.swift in Sources */ = {isa = PBXBuildFile; fileRef = E85D08F921556A2C00D643E3 /* InfiniteScrollActivityView.swift */; };
		E89083D321542FD200A716B2 /* FullScreenPhotoViewController.swift in Sources */ = {isa = PBXBuildFile; fileRef = E89083D221542FD200A716B2 /* FullScreenPhotoViewController.swift */; };
		E899C04221520739008F2669 /* PhotoDetailsViewController.swift in Sources */ = {isa = PBXBuildFile; fileRef = E899C04121520739008F2669 /* PhotoDetailsViewController.swift */; };
/* End PBXBuildFile section */

/* Begin PBXContainerItemProxy section */
		E80E29182146EF3600B8564D /* PBXContainerItemProxy */ = {
			isa = PBXContainerItemProxy;
			containerPortal = E80E28FB2146EF3500B8564D /* Project object */;
			proxyType = 1;
			remoteGlobalIDString = E80E29022146EF3500B8564D;
			remoteInfo = Tumblr;
		};
		E80E29232146EF3600B8564D /* PBXContainerItemProxy */ = {
			isa = PBXContainerItemProxy;
			containerPortal = E80E28FB2146EF3500B8564D /* Project object */;
			proxyType = 1;
			remoteGlobalIDString = E80E29022146EF3500B8564D;
			remoteInfo = Tumblr;
		};
/* End PBXContainerItemProxy section */

/* Begin PBXFileReference section */
		11AC3B007A3CE05B9563E636 /* Pods_TumblrUITests.framework */ = {isa = PBXFileReference; explicitFileType = wrapper.framework; includeInIndex = 0; path = Pods_TumblrUITests.framework; sourceTree = BUILT_PRODUCTS_DIR; };
		47DA32806E2E1B5A97811C2E /* Pods-TumblrTests.release.xcconfig */ = {isa = PBXFileReference; includeInIndex = 1; lastKnownFileType = text.xcconfig; name = "Pods-TumblrTests.release.xcconfig"; path = "Pods/Target Support Files/Pods-TumblrTests/Pods-TumblrTests.release.xcconfig"; sourceTree = "<group>"; };
		533783DA63C6B631C4817F37 /* Pods-TumblrTests.debug.xcconfig */ = {isa = PBXFileReference; includeInIndex = 1; lastKnownFileType = text.xcconfig; name = "Pods-TumblrTests.debug.xcconfig"; path = "Pods/Target Support Files/Pods-TumblrTests/Pods-TumblrTests.debug.xcconfig"; sourceTree = "<group>"; };
		5D8E05565AFF65D30F866F88 /* Pods_Tumblr.framework */ = {isa = PBXFileReference; explicitFileType = wrapper.framework; includeInIndex = 0; path = Pods_Tumblr.framework; sourceTree = BUILT_PRODUCTS_DIR; };
		86F28B4688922756BD4E4C00 /* Pods-Tumblr.release.xcconfig */ = {isa = PBXFileReference; includeInIndex = 1; lastKnownFileType = text.xcconfig; name = "Pods-Tumblr.release.xcconfig"; path = "Pods/Target Support Files/Pods-Tumblr/Pods-Tumblr.release.xcconfig"; sourceTree = "<group>"; };
		ADF0F6B4756E3068E30C325B /* Pods_TumblrTests.framework */ = {isa = PBXFileReference; explicitFileType = wrapper.framework; includeInIndex = 0; path = Pods_TumblrTests.framework; sourceTree = BUILT_PRODUCTS_DIR; };
		B39BE3F176546C6BAA9AF5F3 /* Pods-TumblrUITests.release.xcconfig */ = {isa = PBXFileReference; includeInIndex = 1; lastKnownFileType = text.xcconfig; name = "Pods-TumblrUITests.release.xcconfig"; path = "Pods/Target Support Files/Pods-TumblrUITests/Pods-TumblrUITests.release.xcconfig"; sourceTree = "<group>"; };
		CA46849176BDF9B0CC098CD9 /* Pods-Tumblr.debug.xcconfig */ = {isa = PBXFileReference; includeInIndex = 1; lastKnownFileType = text.xcconfig; name = "Pods-Tumblr.debug.xcconfig"; path = "Pods/Target Support Files/Pods-Tumblr/Pods-Tumblr.debug.xcconfig"; sourceTree = "<group>"; };
		E80E29032146EF3500B8564D /* Tumblr.app */ = {isa = PBXFileReference; explicitFileType = wrapper.application; includeInIndex = 0; path = Tumblr.app; sourceTree = BUILT_PRODUCTS_DIR; };
		E80E29062146EF3500B8564D /* AppDelegate.swift */ = {isa = PBXFileReference; lastKnownFileType = sourcecode.swift; path = AppDelegate.swift; sourceTree = "<group>"; };
		E80E290B2146EF3500B8564D /* Base */ = {isa = PBXFileReference; lastKnownFileType = file.storyboard; name = Base; path = Base.lproj/Main.storyboard; sourceTree = "<group>"; };
		E80E290D2146EF3600B8564D /* Assets.xcassets */ = {isa = PBXFileReference; lastKnownFileType = folder.assetcatalog; path = Assets.xcassets; sourceTree = "<group>"; };
		E80E29102146EF3600B8564D /* Base */ = {isa = PBXFileReference; lastKnownFileType = file.storyboard; name = Base; path = Base.lproj/LaunchScreen.storyboard; sourceTree = "<group>"; };
		E80E29122146EF3600B8564D /* Info.plist */ = {isa = PBXFileReference; lastKnownFileType = text.plist.xml; path = Info.plist; sourceTree = "<group>"; };
		E80E29172146EF3600B8564D /* TumblrTests.xctest */ = {isa = PBXFileReference; explicitFileType = wrapper.cfbundle; includeInIndex = 0; path = TumblrTests.xctest; sourceTree = BUILT_PRODUCTS_DIR; };
		E80E291B2146EF3600B8564D /* TumblrTests.swift */ = {isa = PBXFileReference; lastKnownFileType = sourcecode.swift; path = TumblrTests.swift; sourceTree = "<group>"; };
		E80E291D2146EF3600B8564D /* Info.plist */ = {isa = PBXFileReference; lastKnownFileType = text.plist.xml; path = Info.plist; sourceTree = "<group>"; };
		E80E29222146EF3600B8564D /* TumblrUITests.xctest */ = {isa = PBXFileReference; explicitFileType = wrapper.cfbundle; includeInIndex = 0; path = TumblrUITests.xctest; sourceTree = BUILT_PRODUCTS_DIR; };
		E80E29262146EF3600B8564D /* TumblrUITests.swift */ = {isa = PBXFileReference; lastKnownFileType = sourcecode.swift; path = TumblrUITests.swift; sourceTree = "<group>"; };
		E80E29282146EF3600B8564D /* Info.plist */ = {isa = PBXFileReference; lastKnownFileType = text.plist.xml; path = Info.plist; sourceTree = "<group>"; };
		E84B365B2146F216009F0E7D /* PhotosViewController.swift */ = {isa = PBXFileReference; lastKnownFileType = sourcecode.swift; path = PhotosViewController.swift; sourceTree = "<group>"; };
		E84B365D2146FEDC009F0E7D /* PhotoCell.swift */ = {isa = PBXFileReference; lastKnownFileType = sourcecode.swift; path = PhotoCell.swift; sourceTree = "<group>"; };
		E85D08F921556A2C00D643E3 /* InfiniteScrollActivityView.swift */ = {isa = PBXFileReference; lastKnownFileType = sourcecode.swift; path = InfiniteScrollActivityView.swift; sourceTree = "<group>"; };
		E89083D221542FD200A716B2 /* FullScreenPhotoViewController.swift */ = {isa = PBXFileReference; lastKnownFileType = sourcecode.swift; path = FullScreenPhotoViewController.swift; sourceTree = "<group>"; };
		E899C04121520739008F2669 /* PhotoDetailsViewController.swift */ = {isa = PBXFileReference; lastKnownFileType = sourcecode.swift; path = PhotoDetailsViewController.swift; sourceTree = "<group>"; };
		ED7DB49F54BB0ACD3FAC9463 /* Pods-TumblrUITests.debug.xcconfig */ = {isa = PBXFileReference; includeInIndex = 1; lastKnownFileType = text.xcconfig; name = "Pods-TumblrUITests.debug.xcconfig"; path = "Pods/Target Support Files/Pods-TumblrUITests/Pods-TumblrUITests.debug.xcconfig"; sourceTree = "<group>"; };
/* End PBXFileReference section */

/* Begin PBXFrameworksBuildPhase section */
		E80E29002146EF3500B8564D /* Frameworks */ = {
			isa = PBXFrameworksBuildPhase;
			buildActionMask = 2147483647;
			files = (
				11E5ECDC304E93099BAC38F8 /* Pods_Tumblr.framework in Frameworks */,
			);
			runOnlyForDeploymentPostprocessing = 0;
		};
		E80E29142146EF3600B8564D /* Frameworks */ = {
			isa = PBXFrameworksBuildPhase;
			buildActionMask = 2147483647;
			files = (
				220576FAF3168A0B1D153677 /* Pods_TumblrTests.framework in Frameworks */,
			);
			runOnlyForDeploymentPostprocessing = 0;
		};
		E80E291F2146EF3600B8564D /* Frameworks */ = {
			isa = PBXFrameworksBuildPhase;
			buildActionMask = 2147483647;
			files = (
				110F3D4AB6B95DB6C6A92309 /* Pods_TumblrUITests.framework in Frameworks */,
			);
			runOnlyForDeploymentPostprocessing = 0;
		};
/* End PBXFrameworksBuildPhase section */

/* Begin PBXGroup section */
		CB03046385A6627AFC870FB1 /* Frameworks */ = {
			isa = PBXGroup;
			children = (
				5D8E05565AFF65D30F866F88 /* Pods_Tumblr.framework */,
				ADF0F6B4756E3068E30C325B /* Pods_TumblrTests.framework */,
				11AC3B007A3CE05B9563E636 /* Pods_TumblrUITests.framework */,
			);
			name = Frameworks;
			sourceTree = "<group>";
		};
		D31C47E890FF456D69144209 /* Pods */ = {
			isa = PBXGroup;
			children = (
				CA46849176BDF9B0CC098CD9 /* Pods-Tumblr.debug.xcconfig */,
				86F28B4688922756BD4E4C00 /* Pods-Tumblr.release.xcconfig */,
				533783DA63C6B631C4817F37 /* Pods-TumblrTests.debug.xcconfig */,
				47DA32806E2E1B5A97811C2E /* Pods-TumblrTests.release.xcconfig */,
				ED7DB49F54BB0ACD3FAC9463 /* Pods-TumblrUITests.debug.xcconfig */,
				B39BE3F176546C6BAA9AF5F3 /* Pods-TumblrUITests.release.xcconfig */,
			);
			name = Pods;
			sourceTree = "<group>";
		};
		E80E28FA2146EF3500B8564D = {
			isa = PBXGroup;
			children = (
				E80E29052146EF3500B8564D /* Tumblr */,
				E80E291A2146EF3600B8564D /* TumblrTests */,
				E80E29252146EF3600B8564D /* TumblrUITests */,
				E80E29042146EF3500B8564D /* Products */,
				D31C47E890FF456D69144209 /* Pods */,
				CB03046385A6627AFC870FB1 /* Frameworks */,
			);
			sourceTree = "<group>";
		};
		E80E29042146EF3500B8564D /* Products */ = {
			isa = PBXGroup;
			children = (
				E80E29032146EF3500B8564D /* Tumblr.app */,
				E80E29172146EF3600B8564D /* TumblrTests.xctest */,
				E80E29222146EF3600B8564D /* TumblrUITests.xctest */,
			);
			name = Products;
			sourceTree = "<group>";
		};
		E80E29052146EF3500B8564D /* Tumblr */ = {
			isa = PBXGroup;
			children = (
				E8C3CEA62151F32C003CADEC /* ViewControllers */,
				E8C3CEA52151F31F003CADEC /* Views */,
				E80E29062146EF3500B8564D /* AppDelegate.swift */,
				E80E290A2146EF3500B8564D /* Main.storyboard */,
				E80E290D2146EF3600B8564D /* Assets.xcassets */,
				E80E290F2146EF3600B8564D /* LaunchScreen.storyboard */,
				E80E29122146EF3600B8564D /* Info.plist */,
			);
			path = Tumblr;
			sourceTree = "<group>";
		};
		E80E291A2146EF3600B8564D /* TumblrTests */ = {
			isa = PBXGroup;
			children = (
				E80E291B2146EF3600B8564D /* TumblrTests.swift */,
				E80E291D2146EF3600B8564D /* Info.plist */,
			);
			path = TumblrTests;
			sourceTree = "<group>";
		};
		E80E29252146EF3600B8564D /* TumblrUITests */ = {
			isa = PBXGroup;
			children = (
				E80E29262146EF3600B8564D /* TumblrUITests.swift */,
				E80E29282146EF3600B8564D /* Info.plist */,
			);
			path = TumblrUITests;
			sourceTree = "<group>";
		};
		E8C3CEA52151F31F003CADEC /* Views */ = {
			isa = PBXGroup;
			children = (
				E84B365D2146FEDC009F0E7D /* PhotoCell.swift */,
				E85D08F921556A2C00D643E3 /* InfiniteScrollActivityView.swift */,
			);
			path = Views;
			sourceTree = "<group>";
		};
		E8C3CEA62151F32C003CADEC /* ViewControllers */ = {
			isa = PBXGroup;
			children = (
				E84B365B2146F216009F0E7D /* PhotosViewController.swift */,
				E899C04121520739008F2669 /* PhotoDetailsViewController.swift */,
				E89083D221542FD200A716B2 /* FullScreenPhotoViewController.swift */,
			);
			path = ViewControllers;
			sourceTree = "<group>";
		};
/* End PBXGroup section */

/* Begin PBXNativeTarget section */
		E80E29022146EF3500B8564D /* Tumblr */ = {
			isa = PBXNativeTarget;
			buildConfigurationList = E80E292B2146EF3600B8564D /* Build configuration list for PBXNativeTarget "Tumblr" */;
			buildPhases = (
				AAA21A27E330BAE2F45CF8B5 /* [CP] Check Pods Manifest.lock */,
				E80E28FF2146EF3500B8564D /* Sources */,
				E80E29002146EF3500B8564D /* Frameworks */,
				E80E29012146EF3500B8564D /* Resources */,
				975598255E815D1E8EA32490 /* [CP] Embed Pods Frameworks */,
			);
			buildRules = (
			);
			dependencies = (
			);
			name = Tumblr;
			productName = Tumblr;
			productReference = E80E29032146EF3500B8564D /* Tumblr.app */;
			productType = "com.apple.product-type.application";
		};
		E80E29162146EF3600B8564D /* TumblrTests */ = {
			isa = PBXNativeTarget;
			buildConfigurationList = E80E292E2146EF3600B8564D /* Build configuration list for PBXNativeTarget "TumblrTests" */;
			buildPhases = (
				8EF8CBA08CE40E1864E98DA0 /* [CP] Check Pods Manifest.lock */,
				E80E29132146EF3600B8564D /* Sources */,
				E80E29142146EF3600B8564D /* Frameworks */,
				E80E29152146EF3600B8564D /* Resources */,
			);
			buildRules = (
			);
			dependencies = (
				E80E29192146EF3600B8564D /* PBXTargetDependency */,
			);
			name = TumblrTests;
			productName = TumblrTests;
			productReference = E80E29172146EF3600B8564D /* TumblrTests.xctest */;
			productType = "com.apple.product-type.bundle.unit-test";
		};
		E80E29212146EF3600B8564D /* TumblrUITests */ = {
			isa = PBXNativeTarget;
			buildConfigurationList = E80E29312146EF3600B8564D /* Build configuration list for PBXNativeTarget "TumblrUITests" */;
			buildPhases = (
				6A1FC83D59B824CD5F972EB8 /* [CP] Check Pods Manifest.lock */,
				E80E291E2146EF3600B8564D /* Sources */,
				E80E291F2146EF3600B8564D /* Frameworks */,
				E80E29202146EF3600B8564D /* Resources */,
			);
			buildRules = (
			);
			dependencies = (
				E80E29242146EF3600B8564D /* PBXTargetDependency */,
			);
			name = TumblrUITests;
			productName = TumblrUITests;
			productReference = E80E29222146EF3600B8564D /* TumblrUITests.xctest */;
			productType = "com.apple.product-type.bundle.ui-testing";
		};
/* End PBXNativeTarget section */

/* Begin PBXProject section */
		E80E28FB2146EF3500B8564D /* Project object */ = {
			isa = PBXProject;
			attributes = {
				LastSwiftUpdateCheck = 0940;
				LastUpgradeCheck = 0940;
				ORGANIZATIONNAME = "Xiaohong Zhu";
				TargetAttributes = {
					E80E29022146EF3500B8564D = {
						CreatedOnToolsVersion = 9.4.1;
					};
					E80E29162146EF3600B8564D = {
						CreatedOnToolsVersion = 9.4.1;
						TestTargetID = E80E29022146EF3500B8564D;
					};
					E80E29212146EF3600B8564D = {
						CreatedOnToolsVersion = 9.4.1;
						TestTargetID = E80E29022146EF3500B8564D;
					};
				};
			};
			buildConfigurationList = E80E28FE2146EF3500B8564D /* Build configuration list for PBXProject "Tumblr" */;
			compatibilityVersion = "Xcode 9.3";
			developmentRegion = en;
			hasScannedForEncodings = 0;
			knownRegions = (
				en,
				Base,
			);
			mainGroup = E80E28FA2146EF3500B8564D;
			productRefGroup = E80E29042146EF3500B8564D /* Products */;
			projectDirPath = "";
			projectRoot = "";
			targets = (
				E80E29022146EF3500B8564D /* Tumblr */,
				E80E29162146EF3600B8564D /* TumblrTests */,
				E80E29212146EF3600B8564D /* TumblrUITests */,
			);
		};
/* End PBXProject section */

/* Begin PBXResourcesBuildPhase section */
		E80E29012146EF3500B8564D /* Resources */ = {
			isa = PBXResourcesBuildPhase;
			buildActionMask = 2147483647;
			files = (
				E80E29112146EF3600B8564D /* LaunchScreen.storyboard in Resources */,
				E80E290E2146EF3600B8564D /* Assets.xcassets in Resources */,
				E80E290C2146EF3500B8564D /* Main.storyboard in Resources */,
			);
			runOnlyForDeploymentPostprocessing = 0;
		};
		E80E29152146EF3600B8564D /* Resources */ = {
			isa = PBXResourcesBuildPhase;
			buildActionMask = 2147483647;
			files = (
			);
			runOnlyForDeploymentPostprocessing = 0;
		};
		E80E29202146EF3600B8564D /* Resources */ = {
			isa = PBXResourcesBuildPhase;
			buildActionMask = 2147483647;
			files = (
			);
			runOnlyForDeploymentPostprocessing = 0;
		};
/* End PBXResourcesBuildPhase section */

/* Begin PBXShellScriptBuildPhase section */
		6A1FC83D59B824CD5F972EB8 /* [CP] Check Pods Manifest.lock */ = {
			isa = PBXShellScriptBuildPhase;
			buildActionMask = 2147483647;
			files = (
			);
			inputPaths = (
				"${PODS_PODFILE_DIR_PATH}/Podfile.lock",
				"${PODS_ROOT}/Manifest.lock",
			);
			name = "[CP] Check Pods Manifest.lock";
			outputPaths = (
				"$(DERIVED_FILE_DIR)/Pods-TumblrUITests-checkManifestLockResult.txt",
			);
			runOnlyForDeploymentPostprocessing = 0;
			shellPath = /bin/sh;
			shellScript = "diff \"${PODS_PODFILE_DIR_PATH}/Podfile.lock\" \"${PODS_ROOT}/Manifest.lock\" > /dev/null\nif [ $? != 0 ] ; then\n    # print error to STDERR\n    echo \"error: The sandbox is not in sync with the Podfile.lock. Run 'pod install' or update your CocoaPods installation.\" >&2\n    exit 1\nfi\n# This output is used by Xcode 'outputs' to avoid re-running this script phase.\necho \"SUCCESS\" > \"${SCRIPT_OUTPUT_FILE_0}\"\n";
			showEnvVarsInLog = 0;
		};
		8EF8CBA08CE40E1864E98DA0 /* [CP] Check Pods Manifest.lock */ = {
			isa = PBXShellScriptBuildPhase;
			buildActionMask = 2147483647;
			files = (
			);
			inputPaths = (
				"${PODS_PODFILE_DIR_PATH}/Podfile.lock",
				"${PODS_ROOT}/Manifest.lock",
			);
			name = "[CP] Check Pods Manifest.lock";
			outputPaths = (
				"$(DERIVED_FILE_DIR)/Pods-TumblrTests-checkManifestLockResult.txt",
			);
			runOnlyForDeploymentPostprocessing = 0;
			shellPath = /bin/sh;
			shellScript = "diff \"${PODS_PODFILE_DIR_PATH}/Podfile.lock\" \"${PODS_ROOT}/Manifest.lock\" > /dev/null\nif [ $? != 0 ] ; then\n    # print error to STDERR\n    echo \"error: The sandbox is not in sync with the Podfile.lock. Run 'pod install' or update your CocoaPods installation.\" >&2\n    exit 1\nfi\n# This output is used by Xcode 'outputs' to avoid re-running this script phase.\necho \"SUCCESS\" > \"${SCRIPT_OUTPUT_FILE_0}\"\n";
			showEnvVarsInLog = 0;
		};
		975598255E815D1E8EA32490 /* [CP] Embed Pods Frameworks */ = {
			isa = PBXShellScriptBuildPhase;
			buildActionMask = 2147483647;
			files = (
			);
			inputPaths = (
				"${SRCROOT}/Pods/Target Support Files/Pods-Tumblr/Pods-Tumblr-frameworks.sh",
				"${BUILT_PRODUCTS_DIR}/Alamofire/Alamofire.framework",
				"${BUILT_PRODUCTS_DIR}/AlamofireImage/AlamofireImage.framework",
				"${BUILT_PRODUCTS_DIR}/PKHUD/PKHUD.framework",
			);
			name = "[CP] Embed Pods Frameworks";
			outputPaths = (
				"${TARGET_BUILD_DIR}/${FRAMEWORKS_FOLDER_PATH}/Alamofire.framework",
				"${TARGET_BUILD_DIR}/${FRAMEWORKS_FOLDER_PATH}/AlamofireImage.framework",
				"${TARGET_BUILD_DIR}/${FRAMEWORKS_FOLDER_PATH}/PKHUD.framework",
			);
			runOnlyForDeploymentPostprocessing = 0;
			shellPath = /bin/sh;
			shellScript = "\"${SRCROOT}/Pods/Target Support Files/Pods-Tumblr/Pods-Tumblr-frameworks.sh\"\n";
			showEnvVarsInLog = 0;
		};
		AAA21A27E330BAE2F45CF8B5 /* [CP] Check Pods Manifest.lock */ = {
			isa = PBXShellScriptBuildPhase;
			buildActionMask = 2147483647;
			files = (
			);
			inputPaths = (
				"${PODS_PODFILE_DIR_PATH}/Podfile.lock",
				"${PODS_ROOT}/Manifest.lock",
			);
			name = "[CP] Check Pods Manifest.lock";
			outputPaths = (
				"$(DERIVED_FILE_DIR)/Pods-Tumblr-checkManifestLockResult.txt",
			);
			runOnlyForDeploymentPostprocessing = 0;
			shellPath = /bin/sh;
			shellScript = "diff \"${PODS_PODFILE_DIR_PATH}/Podfile.lock\" \"${PODS_ROOT}/Manifest.lock\" > /dev/null\nif [ $? != 0 ] ; then\n    # print error to STDERR\n    echo \"error: The sandbox is not in sync with the Podfile.lock. Run 'pod install' or update your CocoaPods installation.\" >&2\n    exit 1\nfi\n# This output is used by Xcode 'outputs' to avoid re-running this script phase.\necho \"SUCCESS\" > \"${SCRIPT_OUTPUT_FILE_0}\"\n";
			showEnvVarsInLog = 0;
		};
/* End PBXShellScriptBuildPhase section */

/* Begin PBXSourcesBuildPhase section */
		E80E28FF2146EF3500B8564D /* Sources */ = {
			isa = PBXSourcesBuildPhase;
			buildActionMask = 2147483647;
			files = (
				E85D08FA21556A2C00D643E3 /* InfiniteScrollActivityView.swift in Sources */,
				E899C04221520739008F2669 /* PhotoDetailsViewController.swift in Sources */,
				E80E29072146EF3500B8564D /* AppDelegate.swift in Sources */,
				E84B365E2146FEDC009F0E7D /* PhotoCell.swift in Sources */,
				E84B365C2146F216009F0E7D /* PhotosViewController.swift in Sources */,
				E89083D321542FD200A716B2 /* FullScreenPhotoViewController.swift in Sources */,
			);
			runOnlyForDeploymentPostprocessing = 0;
		};
		E80E29132146EF3600B8564D /* Sources */ = {
			isa = PBXSourcesBuildPhase;
			buildActionMask = 2147483647;
			files = (
				E80E291C2146EF3600B8564D /* TumblrTests.swift in Sources */,
			);
			runOnlyForDeploymentPostprocessing = 0;
		};
		E80E291E2146EF3600B8564D /* Sources */ = {
			isa = PBXSourcesBuildPhase;
			buildActionMask = 2147483647;
			files = (
				E80E29272146EF3600B8564D /* TumblrUITests.swift in Sources */,
			);
			runOnlyForDeploymentPostprocessing = 0;
		};
/* End PBXSourcesBuildPhase section */

/* Begin PBXTargetDependency section */
		E80E29192146EF3600B8564D /* PBXTargetDependency */ = {
			isa = PBXTargetDependency;
			target = E80E29022146EF3500B8564D /* Tumblr */;
			targetProxy = E80E29182146EF3600B8564D /* PBXContainerItemProxy */;
		};
		E80E29242146EF3600B8564D /* PBXTargetDependency */ = {
			isa = PBXTargetDependency;
			target = E80E29022146EF3500B8564D /* Tumblr */;
			targetProxy = E80E29232146EF3600B8564D /* PBXContainerItemProxy */;
		};
/* End PBXTargetDependency section */

/* Begin PBXVariantGroup section */
		E80E290A2146EF3500B8564D /* Main.storyboard */ = {
			isa = PBXVariantGroup;
			children = (
				E80E290B2146EF3500B8564D /* Base */,
			);
			name = Main.storyboard;
			sourceTree = "<group>";
		};
		E80E290F2146EF3600B8564D /* LaunchScreen.storyboard */ = {
			isa = PBXVariantGroup;
			children = (
				E80E29102146EF3600B8564D /* Base */,
			);
			name = LaunchScreen.storyboard;
			sourceTree = "<group>";
		};
/* End PBXVariantGroup section */

/* Begin XCBuildConfiguration section */
		E80E29292146EF3600B8564D /* Debug */ = {
			isa = XCBuildConfiguration;
			buildSettings = {
				ALWAYS_SEARCH_USER_PATHS = NO;
				CLANG_ANALYZER_NONNULL = YES;
				CLANG_ANALYZER_NUMBER_OBJECT_CONVERSION = YES_AGGRESSIVE;
				CLANG_CXX_LANGUAGE_STANDARD = "gnu++14";
				CLANG_CXX_LIBRARY = "libc++";
				CLANG_ENABLE_MODULES = YES;
				CLANG_ENABLE_OBJC_ARC = YES;
				CLANG_ENABLE_OBJC_WEAK = YES;
				CLANG_WARN_BLOCK_CAPTURE_AUTORELEASING = YES;
				CLANG_WARN_BOOL_CONVERSION = YES;
				CLANG_WARN_COMMA = YES;
				CLANG_WARN_CONSTANT_CONVERSION = YES;
				CLANG_WARN_DEPRECATED_OBJC_IMPLEMENTATIONS = YES;
				CLANG_WARN_DIRECT_OBJC_ISA_USAGE = YES_ERROR;
				CLANG_WARN_DOCUMENTATION_COMMENTS = YES;
				CLANG_WARN_EMPTY_BODY = YES;
				CLANG_WARN_ENUM_CONVERSION = YES;
				CLANG_WARN_INFINITE_RECURSION = YES;
				CLANG_WARN_INT_CONVERSION = YES;
				CLANG_WARN_NON_LITERAL_NULL_CONVERSION = YES;
				CLANG_WARN_OBJC_IMPLICIT_RETAIN_SELF = YES;
				CLANG_WARN_OBJC_LITERAL_CONVERSION = YES;
				CLANG_WARN_OBJC_ROOT_CLASS = YES_ERROR;
				CLANG_WARN_RANGE_LOOP_ANALYSIS = YES;
				CLANG_WARN_STRICT_PROTOTYPES = YES;
				CLANG_WARN_SUSPICIOUS_MOVE = YES;
				CLANG_WARN_UNGUARDED_AVAILABILITY = YES_AGGRESSIVE;
				CLANG_WARN_UNREACHABLE_CODE = YES;
				CLANG_WARN__DUPLICATE_METHOD_MATCH = YES;
				CODE_SIGN_IDENTITY = "iPhone Developer";
				COPY_PHASE_STRIP = NO;
				DEBUG_INFORMATION_FORMAT = dwarf;
				ENABLE_STRICT_OBJC_MSGSEND = YES;
				ENABLE_TESTABILITY = YES;
				GCC_C_LANGUAGE_STANDARD = gnu11;
				GCC_DYNAMIC_NO_PIC = NO;
				GCC_NO_COMMON_BLOCKS = YES;
				GCC_OPTIMIZATION_LEVEL = 0;
				GCC_PREPROCESSOR_DEFINITIONS = (
					"DEBUG=1",
					"$(inherited)",
				);
				GCC_WARN_64_TO_32_BIT_CONVERSION = YES;
				GCC_WARN_ABOUT_RETURN_TYPE = YES_ERROR;
				GCC_WARN_UNDECLARED_SELECTOR = YES;
				GCC_WARN_UNINITIALIZED_AUTOS = YES_AGGRESSIVE;
				GCC_WARN_UNUSED_FUNCTION = YES;
				GCC_WARN_UNUSED_VARIABLE = YES;
				IPHONEOS_DEPLOYMENT_TARGET = 11.4;
				MTL_ENABLE_DEBUG_INFO = YES;
				ONLY_ACTIVE_ARCH = YES;
				SDKROOT = iphoneos;
				SWIFT_ACTIVE_COMPILATION_CONDITIONS = DEBUG;
				SWIFT_OPTIMIZATION_LEVEL = "-Onone";
			};
			name = Debug;
		};
		E80E292A2146EF3600B8564D /* Release */ = {
			isa = XCBuildConfiguration;
			buildSettings = {
				ALWAYS_SEARCH_USER_PATHS = NO;
				CLANG_ANALYZER_NONNULL = YES;
				CLANG_ANALYZER_NUMBER_OBJECT_CONVERSION = YES_AGGRESSIVE;
				CLANG_CXX_LANGUAGE_STANDARD = "gnu++14";
				CLANG_CXX_LIBRARY = "libc++";
				CLANG_ENABLE_MODULES = YES;
				CLANG_ENABLE_OBJC_ARC = YES;
				CLANG_ENABLE_OBJC_WEAK = YES;
				CLANG_WARN_BLOCK_CAPTURE_AUTORELEASING = YES;
				CLANG_WARN_BOOL_CONVERSION = YES;
				CLANG_WARN_COMMA = YES;
				CLANG_WARN_CONSTANT_CONVERSION = YES;
				CLANG_WARN_DEPRECATED_OBJC_IMPLEMENTATIONS = YES;
				CLANG_WARN_DIRECT_OBJC_ISA_USAGE = YES_ERROR;
				CLANG_WARN_DOCUMENTATION_COMMENTS = YES;
				CLANG_WARN_EMPTY_BODY = YES;
				CLANG_WARN_ENUM_CONVERSION = YES;
				CLANG_WARN_INFINITE_RECURSION = YES;
				CLANG_WARN_INT_CONVERSION = YES;
				CLANG_WARN_NON_LITERAL_NULL_CONVERSION = YES;
				CLANG_WARN_OBJC_IMPLICIT_RETAIN_SELF = YES;
				CLANG_WARN_OBJC_LITERAL_CONVERSION = YES;
				CLANG_WARN_OBJC_ROOT_CLASS = YES_ERROR;
				CLANG_WARN_RANGE_LOOP_ANALYSIS = YES;
				CLANG_WARN_STRICT_PROTOTYPES = YES;
				CLANG_WARN_SUSPICIOUS_MOVE = YES;
				CLANG_WARN_UNGUARDED_AVAILABILITY = YES_AGGRESSIVE;
				CLANG_WARN_UNREACHABLE_CODE = YES;
				CLANG_WARN__DUPLICATE_METHOD_MATCH = YES;
				CODE_SIGN_IDENTITY = "iPhone Developer";
				COPY_PHASE_STRIP = NO;
				DEBUG_INFORMATION_FORMAT = "dwarf-with-dsym";
				ENABLE_NS_ASSERTIONS = NO;
				ENABLE_STRICT_OBJC_MSGSEND = YES;
				GCC_C_LANGUAGE_STANDARD = gnu11;
				GCC_NO_COMMON_BLOCKS = YES;
				GCC_WARN_64_TO_32_BIT_CONVERSION = YES;
				GCC_WARN_ABOUT_RETURN_TYPE = YES_ERROR;
				GCC_WARN_UNDECLARED_SELECTOR = YES;
				GCC_WARN_UNINITIALIZED_AUTOS = YES_AGGRESSIVE;
				GCC_WARN_UNUSED_FUNCTION = YES;
				GCC_WARN_UNUSED_VARIABLE = YES;
				IPHONEOS_DEPLOYMENT_TARGET = 11.4;
				MTL_ENABLE_DEBUG_INFO = NO;
				SDKROOT = iphoneos;
				SWIFT_COMPILATION_MODE = wholemodule;
				SWIFT_OPTIMIZATION_LEVEL = "-O";
				VALIDATE_PRODUCT = YES;
			};
			name = Release;
		};
		E80E292C2146EF3600B8564D /* Debug */ = {
			isa = XCBuildConfiguration;
			baseConfigurationReference = CA46849176BDF9B0CC098CD9 /* Pods-Tumblr.debug.xcconfig */;
			buildSettings = {
				ASSETCATALOG_COMPILER_APPICON_NAME = AppIcon;
				CODE_SIGN_STYLE = Automatic;
				DEVELOPMENT_TEAM = LR89T525C6;
				INFOPLIST_FILE = Tumblr/Info.plist;
				IPHONEOS_DEPLOYMENT_TARGET = 12.0;
				LD_RUNPATH_SEARCH_PATHS = (
					"$(inherited)",
					"@executable_path/Frameworks",
				);
				PRODUCT_BUNDLE_IDENTIFIER = Zhu.Tumblr;
				PRODUCT_NAME = "$(TARGET_NAME)";
				SWIFT_VERSION = 4.0;
				TARGETED_DEVICE_FAMILY = "1,2";
			};
			name = Debug;
		};
		E80E292D2146EF3600B8564D /* Release */ = {
			isa = XCBuildConfiguration;
			baseConfigurationReference = 86F28B4688922756BD4E4C00 /* Pods-Tumblr.release.xcconfig */;
			buildSettings = {
				ASSETCATALOG_COMPILER_APPICON_NAME = AppIcon;
				CODE_SIGN_STYLE = Automatic;
				DEVELOPMENT_TEAM = LR89T525C6;
				INFOPLIST_FILE = Tumblr/Info.plist;
				IPHONEOS_DEPLOYMENT_TARGET = 12.0;
				LD_RUNPATH_SEARCH_PATHS = (
					"$(inherited)",
					"@executable_path/Frameworks",
				);
				PRODUCT_BUNDLE_IDENTIFIER = Zhu.Tumblr;
				PRODUCT_NAME = "$(TARGET_NAME)";
				SWIFT_VERSION = 4.0;
				TARGETED_DEVICE_FAMILY = "1,2";
			};
			name = Release;
		};
		E80E292F2146EF3600B8564D /* Debug */ = {
			isa = XCBuildConfiguration;
			baseConfigurationReference = 533783DA63C6B631C4817F37 /* Pods-TumblrTests.debug.xcconfig */;
			buildSettings = {
				ALWAYS_EMBED_SWIFT_STANDARD_LIBRARIES = YES;
				BUNDLE_LOADER = "$(TEST_HOST)";
				CODE_SIGN_STYLE = Automatic;
				DEVELOPMENT_TEAM = LR89T525C6;
				INFOPLIST_FILE = TumblrTests/Info.plist;
				LD_RUNPATH_SEARCH_PATHS = (
					"$(inherited)",
					"@executable_path/Frameworks",
					"@loader_path/Frameworks",
				);
				PRODUCT_BUNDLE_IDENTIFIER = Zhu.TumblrTests;
				PRODUCT_NAME = "$(TARGET_NAME)";
				SWIFT_VERSION = 4.0;
				TARGETED_DEVICE_FAMILY = "1,2";
				TEST_HOST = "$(BUILT_PRODUCTS_DIR)/Tumblr.app/Tumblr";
			};
			name = Debug;
		};
		E80E29302146EF3600B8564D /* Release */ = {
			isa = XCBuildConfiguration;
			baseConfigurationReference = 47DA32806E2E1B5A97811C2E /* Pods-TumblrTests.release.xcconfig */;
			buildSettings = {
				ALWAYS_EMBED_SWIFT_STANDARD_LIBRARIES = YES;
				BUNDLE_LOADER = "$(TEST_HOST)";
				CODE_SIGN_STYLE = Automatic;
				DEVELOPMENT_TEAM = LR89T525C6;
				INFOPLIST_FILE = TumblrTests/Info.plist;
				LD_RUNPATH_SEARCH_PATHS = (
					"$(inherited)",
					"@executable_path/Frameworks",
					"@loader_path/Frameworks",
				);
				PRODUCT_BUNDLE_IDENTIFIER = Zhu.TumblrTests;
				PRODUCT_NAME = "$(TARGET_NAME)";
				SWIFT_VERSION = 4.0;
				TARGETED_DEVICE_FAMILY = "1,2";
				TEST_HOST = "$(BUILT_PRODUCTS_DIR)/Tumblr.app/Tumblr";
			};
			name = Release;
		};
		E80E29322146EF3600B8564D /* Debug */ = {
			isa = XCBuildConfiguration;
			baseConfigurationReference = ED7DB49F54BB0ACD3FAC9463 /* Pods-TumblrUITests.debug.xcconfig */;
			buildSettings = {
				ALWAYS_EMBED_SWIFT_STANDARD_LIBRARIES = YES;
				CODE_SIGN_STYLE = Automatic;
				DEVELOPMENT_TEAM = LR89T525C6;
				INFOPLIST_FILE = TumblrUITests/Info.plist;
				LD_RUNPATH_SEARCH_PATHS = (
					"$(inherited)",
					"@executable_path/Frameworks",
					"@loader_path/Frameworks",
				);
				PRODUCT_BUNDLE_IDENTIFIER = Zhu.TumblrUITests;
				PRODUCT_NAME = "$(TARGET_NAME)";
				SWIFT_VERSION = 4.0;
				TARGETED_DEVICE_FAMILY = "1,2";
				TEST_TARGET_NAME = Tumblr;
			};
			name = Debug;
		};
		E80E29332146EF3600B8564D /* Release */ = {
			isa = XCBuildConfiguration;
			baseConfigurationReference = B39BE3F176546C6BAA9AF5F3 /* Pods-TumblrUITests.release.xcconfig */;
			buildSettings = {
				ALWAYS_EMBED_SWIFT_STANDARD_LIBRARIES = YES;
				CODE_SIGN_STYLE = Automatic;
				DEVELOPMENT_TEAM = LR89T525C6;
				INFOPLIST_FILE = TumblrUITests/Info.plist;
				LD_RUNPATH_SEARCH_PATHS = (
					"$(inherited)",
					"@executable_path/Frameworks",
					"@loader_path/Frameworks",
				);
				PRODUCT_BUNDLE_IDENTIFIER = Zhu.TumblrUITests;
				PRODUCT_NAME = "$(TARGET_NAME)";
				SWIFT_VERSION = 4.0;
				TARGETED_DEVICE_FAMILY = "1,2";
				TEST_TARGET_NAME = Tumblr;
			};
			name = Release;
		};
/* End XCBuildConfiguration section */

/* Begin XCConfigurationList section */
		E80E28FE2146EF3500B8564D /* Build configuration list for PBXProject "Tumblr" */ = {
			isa = XCConfigurationList;
			buildConfigurations = (
				E80E29292146EF3600B8564D /* Debug */,
				E80E292A2146EF3600B8564D /* Release */,
			);
			defaultConfigurationIsVisible = 0;
			defaultConfigurationName = Release;
		};
		E80E292B2146EF3600B8564D /* Build configuration list for PBXNativeTarget "Tumblr" */ = {
			isa = XCConfigurationList;
			buildConfigurations = (
				E80E292C2146EF3600B8564D /* Debug */,
				E80E292D2146EF3600B8564D /* Release */,
			);
			defaultConfigurationIsVisible = 0;
			defaultConfigurationName = Release;
		};
		E80E292E2146EF3600B8564D /* Build configuration list for PBXNativeTarget "TumblrTests" */ = {
			isa = XCConfigurationList;
			buildConfigurations = (
				E80E292F2146EF3600B8564D /* Debug */,
				E80E29302146EF3600B8564D /* Release */,
			);
			defaultConfigurationIsVisible = 0;
			defaultConfigurationName = Release;
		};
		E80E29312146EF3600B8564D /* Build configuration list for PBXNativeTarget "TumblrUITests" */ = {
			isa = XCConfigurationList;
			buildConfigurations = (
				E80E29322146EF3600B8564D /* Debug */,
				E80E29332146EF3600B8564D /* Release */,
			);
			defaultConfigurationIsVisible = 0;
			defaultConfigurationName = Release;
		};
/* End XCConfigurationList section */
	};
	rootObject = E80E28FB2146EF3500B8564D /* Project object */;
}
